// !$*UTF8*$!
{
	archiveVersion = 1;
	classes = {
	};
	objectVersion = 55;
	objects = {

/* Begin PBXBuildFile section */
		58296BDB28E80D65008A5B80 /* ResultViewController.swift in Sources */ = {isa = PBXBuildFile; fileRef = 58296BDA28E80D65008A5B80 /* ResultViewController.swift */; };
		58DC410B28E7F8C800F90FC4 /* AppDelegate.swift in Sources */ = {isa = PBXBuildFile; fileRef = 58DC410A28E7F8C800F90FC4 /* AppDelegate.swift */; };
		58DC410D28E7F8C800F90FC4 /* SceneDelegate.swift in Sources */ = {isa = PBXBuildFile; fileRef = 58DC410C28E7F8C800F90FC4 /* SceneDelegate.swift */; };
		58DC410F28E7F8C800F90FC4 /* ViewController.swift in Sources */ = {isa = PBXBuildFile; fileRef = 58DC410E28E7F8C800F90FC4 /* ViewController.swift */; };
		58DC411228E7F8C800F90FC4 /* Main.storyboard in Resources */ = {isa = PBXBuildFile; fileRef = 58DC411028E7F8C800F90FC4 /* Main.storyboard */; };
		58DC411428E7F8D200F90FC4 /* Assets.xcassets in Resources */ = {isa = PBXBuildFile; fileRef = 58DC411328E7F8D200F90FC4 /* Assets.xcassets */; };
		58DC411728E7F8D200F90FC4 /* LaunchScreen.storyboard in Resources */ = {isa = PBXBuildFile; fileRef = 58DC411528E7F8D200F90FC4 /* LaunchScreen.storyboard */; };
		58DC412228E7F8D300F90FC4 /* SplitBillTests.swift in Sources */ = {isa = PBXBuildFile; fileRef = 58DC412128E7F8D300F90FC4 /* SplitBillTests.swift */; };
		58DC412C28E7F8D300F90FC4 /* SplitBillUITests.swift in Sources */ = {isa = PBXBuildFile; fileRef = 58DC412B28E7F8D300F90FC4 /* SplitBillUITests.swift */; };
		58DC412E28E7F8D300F90FC4 /* SplitBillUITestsLaunchTests.swift in Sources */ = {isa = PBXBuildFile; fileRef = 58DC412D28E7F8D300F90FC4 /* SplitBillUITestsLaunchTests.swift */; };
/* End PBXBuildFile section */

/* Begin PBXContainerItemProxy section */
		58DC411E28E7F8D300F90FC4 /* PBXContainerItemProxy */ = {
			isa = PBXContainerItemProxy;
			containerPortal = 58DC40FF28E7F8C800F90FC4 /* Project object */;
			proxyType = 1;
			remoteGlobalIDString = 58DC410628E7F8C800F90FC4;
			remoteInfo = SplitBill;
		};
		58DC412828E7F8D300F90FC4 /* PBXContainerItemProxy */ = {
			isa = PBXContainerItemProxy;
			containerPortal = 58DC40FF28E7F8C800F90FC4 /* Project object */;
			proxyType = 1;
			remoteGlobalIDString = 58DC410628E7F8C800F90FC4;
			remoteInfo = SplitBill;
		};
/* End PBXContainerItemProxy section */

/* Begin PBXFileReference section */
		58296BDA28E80D65008A5B80 /* ResultViewController.swift */ = {isa = PBXFileReference; lastKnownFileType = sourcecode.swift; path = ResultViewController.swift; sourceTree = "<group>"; };
		58DC410728E7F8C800F90FC4 /* SplitBill.app */ = {isa = PBXFileReference; explicitFileType = wrapper.application; includeInIndex = 0; path = SplitBill.app; sourceTree = BUILT_PRODUCTS_DIR; };
		58DC410A28E7F8C800F90FC4 /* AppDelegate.swift */ = {isa = PBXFileReference; lastKnownFileType = sourcecode.swift; path = AppDelegate.swift; sourceTree = "<group>"; };
		58DC410C28E7F8C800F90FC4 /* SceneDelegate.swift */ = {isa = PBXFileReference; lastKnownFileType = sourcecode.swift; path = SceneDelegate.swift; sourceTree = "<group>"; };
		58DC410E28E7F8C800F90FC4 /* ViewController.swift */ = {isa = PBXFileReference; lastKnownFileType = sourcecode.swift; path = ViewController.swift; sourceTree = "<group>"; };
		58DC411128E7F8C800F90FC4 /* Base */ = {isa = PBXFileReference; lastKnownFileType = file.storyboard; name = Base; path = Base.lproj/Main.storyboard; sourceTree = "<group>"; };
		58DC411328E7F8D200F90FC4 /* Assets.xcassets */ = {isa = PBXFileReference; lastKnownFileType = folder.assetcatalog; path = Assets.xcassets; sourceTree = "<group>"; };
		58DC411628E7F8D200F90FC4 /* Base */ = {isa = PBXFileReference; lastKnownFileType = file.storyboard; name = Base; path = Base.lproj/LaunchScreen.storyboard; sourceTree = "<group>"; };
		58DC411828E7F8D200F90FC4 /* Info.plist */ = {isa = PBXFileReference; lastKnownFileType = text.plist.xml; path = Info.plist; sourceTree = "<group>"; };
		58DC411D28E7F8D300F90FC4 /* SplitBillTests.xctest */ = {isa = PBXFileReference; explicitFileType = wrapper.cfbundle; includeInIndex = 0; path = SplitBillTests.xctest; sourceTree = BUILT_PRODUCTS_DIR; };
		58DC412128E7F8D300F90FC4 /* SplitBillTests.swift */ = {isa = PBXFileReference; lastKnownFileType = sourcecode.swift; path = SplitBillTests.swift; sourceTree = "<group>"; };
		58DC412728E7F8D300F90FC4 /* SplitBillUITests.xctest */ = {isa = PBXFileReference; explicitFileType = wrapper.cfbundle; includeInIndex = 0; path = SplitBillUITests.xctest; sourceTree = BUILT_PRODUCTS_DIR; };
		58DC412B28E7F8D300F90FC4 /* SplitBillUITests.swift */ = {isa = PBXFileReference; lastKnownFileType = sourcecode.swift; path = SplitBillUITests.swift; sourceTree = "<group>"; };
		58DC412D28E7F8D300F90FC4 /* SplitBillUITestsLaunchTests.swift */ = {isa = PBXFileReference; lastKnownFileType = sourcecode.swift; path = SplitBillUITestsLaunchTests.swift; sourceTree = "<group>"; };
/* End PBXFileReference section */

/* Begin PBXFrameworksBuildPhase section */
		58DC410428E7F8C800F90FC4 /* Frameworks */ = {
			isa = PBXFrameworksBuildPhase;
			buildActionMask = 2147483647;
			files = (
			);
			runOnlyForDeploymentPostprocessing = 0;
		};
		58DC411A28E7F8D300F90FC4 /* Frameworks */ = {
			isa = PBXFrameworksBuildPhase;
			buildActionMask = 2147483647;
			files = (
			);
			runOnlyForDeploymentPostprocessing = 0;
		};
		58DC412428E7F8D300F90FC4 /* Frameworks */ = {
			isa = PBXFrameworksBuildPhase;
			buildActionMask = 2147483647;
			files = (
			);
			runOnlyForDeploymentPostprocessing = 0;
		};
/* End PBXFrameworksBuildPhase section */

/* Begin PBXGroup section */
		58296BDC28E813FA008A5B80 /* Controllers */ = {
			isa = PBXGroup;
			children = (
				58DC410E28E7F8C800F90FC4 /* ViewController.swift */,
				58296BDA28E80D65008A5B80 /* ResultViewController.swift */,
			);
			path = Controllers;
			sourceTree = "<group>";
		};
		58DC40FE28E7F8C800F90FC4 = {
			isa = PBXGroup;
			children = (
				58DC410928E7F8C800F90FC4 /* SplitBill */,
				58DC412028E7F8D300F90FC4 /* SplitBillTests */,
				58DC412A28E7F8D300F90FC4 /* SplitBillUITests */,
				58DC410828E7F8C800F90FC4 /* Products */,
			);
			sourceTree = "<group>";
		};
		58DC410828E7F8C800F90FC4 /* Products */ = {
			isa = PBXGroup;
			children = (
				58DC410728E7F8C800F90FC4 /* SplitBill.app */,
				58DC411D28E7F8D300F90FC4 /* SplitBillTests.xctest */,
				58DC412728E7F8D300F90FC4 /* SplitBillUITests.xctest */,
			);
			name = Products;
			sourceTree = "<group>";
		};
		58DC410928E7F8C800F90FC4 /* SplitBill */ = {
			isa = PBXGroup;
			children = (
				58DC410A28E7F8C800F90FC4 /* AppDelegate.swift */,
				58DC410C28E7F8C800F90FC4 /* SceneDelegate.swift */,
				58296BDC28E813FA008A5B80 /* Controllers */,
				58DC411028E7F8C800F90FC4 /* Main.storyboard */,
				58DC411328E7F8D200F90FC4 /* Assets.xcassets */,
				58DC411528E7F8D200F90FC4 /* LaunchScreen.storyboard */,
				58DC411828E7F8D200F90FC4 /* Info.plist */,
			);
			path = SplitBill;
			sourceTree = "<group>";
		};
		58DC412028E7F8D300F90FC4 /* SplitBillTests */ = {
			isa = PBXGroup;
			children = (
				58DC412128E7F8D300F90FC4 /* SplitBillTests.swift */,
			);
			path = SplitBillTests;
			sourceTree = "<group>";
		};
		58DC412A28E7F8D300F90FC4 /* SplitBillUITests */ = {
			isa = PBXGroup;
			children = (
				58DC412B28E7F8D300F90FC4 /* SplitBillUITests.swift */,
				58DC412D28E7F8D300F90FC4 /* SplitBillUITestsLaunchTests.swift */,
			);
			path = SplitBillUITests;
			sourceTree = "<group>";
		};
/* End PBXGroup section */

/* Begin PBXNativeTarget section */
		58DC410628E7F8C800F90FC4 /* SplitBill */ = {
			isa = PBXNativeTarget;
			buildConfigurationList = 58DC413128E7F8D300F90FC4 /* Build configuration list for PBXNativeTarget "SplitBill" */;
			buildPhases = (
				58DC410328E7F8C800F90FC4 /* Sources */,
				58DC410428E7F8C800F90FC4 /* Frameworks */,
				58DC410528E7F8C800F90FC4 /* Resources */,
			);
			buildRules = (
			);
			dependencies = (
			);
			name = SplitBill;
			productName = SplitBill;
			productReference = 58DC410728E7F8C800F90FC4 /* SplitBill.app */;
			productType = "com.apple.product-type.application";
		};
		58DC411C28E7F8D300F90FC4 /* SplitBillTests */ = {
			isa = PBXNativeTarget;
			buildConfigurationList = 58DC413428E7F8D300F90FC4 /* Build configuration list for PBXNativeTarget "SplitBillTests" */;
			buildPhases = (
				58DC411928E7F8D300F90FC4 /* Sources */,
				58DC411A28E7F8D300F90FC4 /* Frameworks */,
				58DC411B28E7F8D300F90FC4 /* Resources */,
			);
			buildRules = (
			);
			dependencies = (
				58DC411F28E7F8D300F90FC4 /* PBXTargetDependency */,
			);
			name = SplitBillTests;
			productName = SplitBillTests;
			productReference = 58DC411D28E7F8D300F90FC4 /* SplitBillTests.xctest */;
			productType = "com.apple.product-type.bundle.unit-test";
		};
		58DC412628E7F8D300F90FC4 /* SplitBillUITests */ = {
			isa = PBXNativeTarget;
			buildConfigurationList = 58DC413728E7F8D300F90FC4 /* Build configuration list for PBXNativeTarget "SplitBillUITests" */;
			buildPhases = (
				58DC412328E7F8D300F90FC4 /* Sources */,
				58DC412428E7F8D300F90FC4 /* Frameworks */,
				58DC412528E7F8D300F90FC4 /* Resources */,
			);
			buildRules = (
			);
			dependencies = (
				58DC412928E7F8D300F90FC4 /* PBXTargetDependency */,
			);
			name = SplitBillUITests;
			productName = SplitBillUITests;
			productReference = 58DC412728E7F8D300F90FC4 /* SplitBillUITests.xctest */;
			productType = "com.apple.product-type.bundle.ui-testing";
		};
/* End PBXNativeTarget section */

/* Begin PBXProject section */
		58DC40FF28E7F8C800F90FC4 /* Project object */ = {
			isa = PBXProject;
			attributes = {
				BuildIndependentTargetsInParallel = 1;
				LastSwiftUpdateCheck = 1320;
				LastUpgradeCheck = 1320;
				TargetAttributes = {
					58DC410628E7F8C800F90FC4 = {
						CreatedOnToolsVersion = 13.2.1;
					};
					58DC411C28E7F8D300F90FC4 = {
						CreatedOnToolsVersion = 13.2.1;
						TestTargetID = 58DC410628E7F8C800F90FC4;
					};
					58DC412628E7F8D300F90FC4 = {
						CreatedOnToolsVersion = 13.2.1;
						TestTargetID = 58DC410628E7F8C800F90FC4;
					};
				};
			};
			buildConfigurationList = 58DC410228E7F8C800F90FC4 /* Build configuration list for PBXProject "SplitBill" */;
			compatibilityVersion = "Xcode 13.0";
			developmentRegion = en;
			hasScannedForEncodings = 0;
			knownRegions = (
				en,
				Base,
			);
			mainGroup = 58DC40FE28E7F8C800F90FC4;
			productRefGroup = 58DC410828E7F8C800F90FC4 /* Products */;
			projectDirPath = "";
			projectRoot = "";
			targets = (
				58DC410628E7F8C800F90FC4 /* SplitBill */,
				58DC411C28E7F8D300F90FC4 /* SplitBillTests */,
				58DC412628E7F8D300F90FC4 /* SplitBillUITests */,
			);
		};
/* End PBXProject section */

/* Begin PBXResourcesBuildPhase section */
		58DC410528E7F8C800F90FC4 /* Resources */ = {
			isa = PBXResourcesBuildPhase;
			buildActionMask = 2147483647;
			files = (
				58DC411728E7F8D200F90FC4 /* LaunchScreen.storyboard in Resources */,
				58DC411428E7F8D200F90FC4 /* Assets.xcassets in Resources */,
				58DC411228E7F8C800F90FC4 /* Main.storyboard in Resources */,
			);
			runOnlyForDeploymentPostprocessing = 0;
		};
		58DC411B28E7F8D300F90FC4 /* Resources */ = {
			isa = PBXResourcesBuildPhase;
			buildActionMask = 2147483647;
			files = (
			);
			runOnlyForDeploymentPostprocessing = 0;
		};
		58DC412528E7F8D300F90FC4 /* Resources */ = {
			isa = PBXResourcesBuildPhase;
			buildActionMask = 2147483647;
			files = (
			);
			runOnlyForDeploymentPostprocessing = 0;
		};
/* End PBXResourcesBuildPhase section */

/* Begin PBXSourcesBuildPhase section */
		58DC410328E7F8C800F90FC4 /* Sources */ = {
			isa = PBXSourcesBuildPhase;
			buildActionMask = 2147483647;
			files = (
				58DC410F28E7F8C800F90FC4 /* ViewController.swift in Sources */,
				58DC410B28E7F8C800F90FC4 /* AppDelegate.swift in Sources */,
				58DC410D28E7F8C800F90FC4 /* SceneDelegate.swift in Sources */,
				58296BDB28E80D65008A5B80 /* ResultViewController.swift in Sources */,
			);
			runOnlyForDeploymentPostprocessing = 0;
		};
		58DC411928E7F8D300F90FC4 /* Sources */ = {
			isa = PBXSourcesBuildPhase;
			buildActionMask = 2147483647;
			files = (
				58DC412228E7F8D300F90FC4 /* SplitBillTests.swift in Sources */,
			);
			runOnlyForDeploymentPostprocessing = 0;
		};
		58DC412328E7F8D300F90FC4 /* Sources */ = {
			isa = PBXSourcesBuildPhase;
			buildActionMask = 2147483647;
			files = (
				58DC412E28E7F8D300F90FC4 /* SplitBillUITestsLaunchTests.swift in Sources */,
				58DC412C28E7F8D300F90FC4 /* SplitBillUITests.swift in Sources */,
			);
			runOnlyForDeploymentPostprocessing = 0;
		};
/* End PBXSourcesBuildPhase section */

/* Begin PBXTargetDependency section */
		58DC411F28E7F8D300F90FC4 /* PBXTargetDependency */ = {
			isa = PBXTargetDependency;
			target = 58DC410628E7F8C800F90FC4 /* SplitBill */;
			targetProxy = 58DC411E28E7F8D300F90FC4 /* PBXContainerItemProxy */;
		};
		58DC412928E7F8D300F90FC4 /* PBXTargetDependency */ = {
			isa = PBXTargetDependency;
			target = 58DC410628E7F8C800F90FC4 /* SplitBill */;
			targetProxy = 58DC412828E7F8D300F90FC4 /* PBXContainerItemProxy */;
		};
/* End PBXTargetDependency section */

/* Begin PBXVariantGroup section */
		58DC411028E7F8C800F90FC4 /* Main.storyboard */ = {
			isa = PBXVariantGroup;
			children = (
				58DC411128E7F8C800F90FC4 /* Base */,
			);
			name = Main.storyboard;
			sourceTree = "<group>";
		};
		58DC411528E7F8D200F90FC4 /* LaunchScreen.storyboard */ = {
			isa = PBXVariantGroup;
			children = (
				58DC411628E7F8D200F90FC4 /* Base */,
			);
			name = LaunchScreen.storyboard;
			sourceTree = "<group>";
		};
/* End PBXVariantGroup section */

/* Begin XCBuildConfiguration section */
		58DC412F28E7F8D300F90FC4 /* Debug */ = {
			isa = XCBuildConfiguration;
			buildSettings = {
				ALWAYS_SEARCH_USER_PATHS = NO;
				CLANG_ANALYZER_NONNULL = YES;
				CLANG_ANALYZER_NUMBER_OBJECT_CONVERSION = YES_AGGRESSIVE;
				CLANG_CXX_LANGUAGE_STANDARD = "gnu++17";
				CLANG_CXX_LIBRARY = "libc++";
				CLANG_ENABLE_MODULES = YES;
				CLANG_ENABLE_OBJC_ARC = YES;
				CLANG_ENABLE_OBJC_WEAK = YES;
				CLANG_WARN_BLOCK_CAPTURE_AUTORELEASING = YES;
				CLANG_WARN_BOOL_CONVERSION = YES;
				CLANG_WARN_COMMA = YES;
				CLANG_WARN_CONSTANT_CONVERSION = YES;
				CLANG_WARN_DEPRECATED_OBJC_IMPLEMENTATIONS = YES;
				CLANG_WARN_DIRECT_OBJC_ISA_USAGE = YES_ERROR;
				CLANG_WARN_DOCUMENTATION_COMMENTS = YES;
				CLANG_WARN_EMPTY_BODY = YES;
				CLANG_WARN_ENUM_CONVERSION = YES;
				CLANG_WARN_INFINITE_RECURSION = YES;
				CLANG_WARN_INT_CONVERSION = YES;
				CLANG_WARN_NON_LITERAL_NULL_CONVERSION = YES;
				CLANG_WARN_OBJC_IMPLICIT_RETAIN_SELF = YES;
				CLANG_WARN_OBJC_LITERAL_CONVERSION = YES;
				CLANG_WARN_OBJC_ROOT_CLASS = YES_ERROR;
				CLANG_WARN_QUOTED_INCLUDE_IN_FRAMEWORK_HEADER = YES;
				CLANG_WARN_RANGE_LOOP_ANALYSIS = YES;
				CLANG_WARN_STRICT_PROTOTYPES = YES;
				CLANG_WARN_SUSPICIOUS_MOVE = YES;
				CLANG_WARN_UNGUARDED_AVAILABILITY = YES_AGGRESSIVE;
				CLANG_WARN_UNREACHABLE_CODE = YES;
				CLANG_WARN__DUPLICATE_METHOD_MATCH = YES;
				COPY_PHASE_STRIP = NO;
				DEBUG_INFORMATION_FORMAT = dwarf;
				ENABLE_STRICT_OBJC_MSGSEND = YES;
				ENABLE_TESTABILITY = YES;
				GCC_C_LANGUAGE_STANDARD = gnu11;
				GCC_DYNAMIC_NO_PIC = NO;
				GCC_NO_COMMON_BLOCKS = YES;
				GCC_OPTIMIZATION_LEVEL = 0;
				GCC_PREPROCESSOR_DEFINITIONS = (
					"DEBUG=1",
					"$(inherited)",
				);
				GCC_WARN_64_TO_32_BIT_CONVERSION = YES;
				GCC_WARN_ABOUT_RETURN_TYPE = YES_ERROR;
				GCC_WARN_UNDECLARED_SELECTOR = YES;
				GCC_WARN_UNINITIALIZED_AUTOS = YES_AGGRESSIVE;
				GCC_WARN_UNUSED_FUNCTION = YES;
				GCC_WARN_UNUSED_VARIABLE = YES;
				IPHONEOS_DEPLOYMENT_TARGET = 15.2;
				MTL_ENABLE_DEBUG_INFO = INCLUDE_SOURCE;
				MTL_FAST_MATH = YES;
				ONLY_ACTIVE_ARCH = YES;
				SDKROOT = iphoneos;
				SWIFT_ACTIVE_COMPILATION_CONDITIONS = DEBUG;
				SWIFT_OPTIMIZATION_LEVEL = "-Onone";
			};
			name = Debug;
		};
		58DC413028E7F8D300F90FC4 /* Release */ = {
			isa = XCBuildConfiguration;
			buildSettings = {
				ALWAYS_SEARCH_USER_PATHS = NO;
				CLANG_ANALYZER_NONNULL = YES;
				CLANG_ANALYZER_NUMBER_OBJECT_CONVERSION = YES_AGGRESSIVE;
				CLANG_CXX_LANGUAGE_STANDARD = "gnu++17";
				CLANG_CXX_LIBRARY = "libc++";
				CLANG_ENABLE_MODULES = YES;
				CLANG_ENABLE_OBJC_ARC = YES;
				CLANG_ENABLE_OBJC_WEAK = YES;
				CLANG_WARN_BLOCK_CAPTURE_AUTORELEASING = YES;
				CLANG_WARN_BOOL_CONVERSION = YES;
				CLANG_WARN_COMMA = YES;
				CLANG_WARN_CONSTANT_CONVERSION = YES;
				CLANG_WARN_DEPRECATED_OBJC_IMPLEMENTATIONS = YES;
				CLANG_WARN_DIRECT_OBJC_ISA_USAGE = YES_ERROR;
				CLANG_WARN_DOCUMENTATION_COMMENTS = YES;
				CLANG_WARN_EMPTY_BODY = YES;
				CLANG_WARN_ENUM_CONVERSION = YES;
				CLANG_WARN_INFINITE_RECURSION = YES;
				CLANG_WARN_INT_CONVERSION = YES;
				CLANG_WARN_NON_LITERAL_NULL_CONVERSION = YES;
				CLANG_WARN_OBJC_IMPLICIT_RETAIN_SELF = YES;
				CLANG_WARN_OBJC_LITERAL_CONVERSION = YES;
				CLANG_WARN_OBJC_ROOT_CLASS = YES_ERROR;
				CLANG_WARN_QUOTED_INCLUDE_IN_FRAMEWORK_HEADER = YES;
				CLANG_WARN_RANGE_LOOP_ANALYSIS = YES;
				CLANG_WARN_STRICT_PROTOTYPES = YES;
				CLANG_WARN_SUSPICIOUS_MOVE = YES;
				CLANG_WARN_UNGUARDED_AVAILABILITY = YES_AGGRESSIVE;
				CLANG_WARN_UNREACHABLE_CODE = YES;
				CLANG_WARN__DUPLICATE_METHOD_MATCH = YES;
				COPY_PHASE_STRIP = NO;
				DEBUG_INFORMATION_FORMAT = "dwarf-with-dsym";
				ENABLE_NS_ASSERTIONS = NO;
				ENABLE_STRICT_OBJC_MSGSEND = YES;
				GCC_C_LANGUAGE_STANDARD = gnu11;
				GCC_NO_COMMON_BLOCKS = YES;
				GCC_WARN_64_TO_32_BIT_CONVERSION = YES;
				GCC_WARN_ABOUT_RETURN_TYPE = YES_ERROR;
				GCC_WARN_UNDECLARED_SELECTOR = YES;
				GCC_WARN_UNINITIALIZED_AUTOS = YES_AGGRESSIVE;
				GCC_WARN_UNUSED_FUNCTION = YES;
				GCC_WARN_UNUSED_VARIABLE = YES;
				IPHONEOS_DEPLOYMENT_TARGET = 15.2;
				MTL_ENABLE_DEBUG_INFO = NO;
				MTL_FAST_MATH = YES;
				SDKROOT = iphoneos;
				SWIFT_COMPILATION_MODE = wholemodule;
				SWIFT_OPTIMIZATION_LEVEL = "-O";
				VALIDATE_PRODUCT = YES;
			};
			name = Release;
		};
		58DC413228E7F8D300F90FC4 /* Debug */ = {
			isa = XCBuildConfiguration;
			buildSettings = {
				ASSETCATALOG_COMPILER_APPICON_NAME = AppIcon;
				ASSETCATALOG_COMPILER_GLOBAL_ACCENT_COLOR_NAME = AccentColor;
				CODE_SIGN_STYLE = Automatic;
				CURRENT_PROJECT_VERSION = 1;
				GENERATE_INFOPLIST_FILE = YES;
				INFOPLIST_FILE = SplitBill/Info.plist;
				INFOPLIST_KEY_UIApplicationSupportsIndirectInputEvents = YES;
				INFOPLIST_KEY_UILaunchStoryboardName = LaunchScreen;
				INFOPLIST_KEY_UIMainStoryboardFile = Main;
				INFOPLIST_KEY_UISupportedInterfaceOrientations_iPad = "UIInterfaceOrientationPortrait UIInterfaceOrientationPortraitUpsideDown UIInterfaceOrientationLandscapeLeft UIInterfaceOrientationLandscapeRight";
				INFOPLIST_KEY_UISupportedInterfaceOrientations_iPhone = "UIInterfaceOrientationPortrait UIInterfaceOrientationLandscapeLeft UIInterfaceOrientationLandscapeRight";
				LD_RUNPATH_SEARCH_PATHS = (
					"$(inherited)",
					"@executable_path/Frameworks",
				);
				MARKETING_VERSION = 1.0;
				PRODUCT_BUNDLE_IDENTIFIER = zee5.SplitBill;
				PRODUCT_NAME = "$(TARGET_NAME)";
				SWIFT_EMIT_LOC_STRINGS = YES;
				SWIFT_VERSION = 5.0;
				TARGETED_DEVICE_FAMILY = "1,2";
			};
			name = Debug;
		};
		58DC413328E7F8D300F90FC4 /* Release */ = {
			isa = XCBuildConfiguration;
			buildSettings = {
				ASSETCATALOG_COMPILER_APPICON_NAME = AppIcon;
				ASSETCATALOG_COMPILER_GLOBAL_ACCENT_COLOR_NAME = AccentColor;
				CODE_SIGN_STYLE = Automatic;
				CURRENT_PROJECT_VERSION = 1;
				GENERATE_INFOPLIST_FILE = YES;
				INFOPLIST_FILE = SplitBill/Info.plist;
				INFOPLIST_KEY_UIApplicationSupportsIndirectInputEvents = YES;
				INFOPLIST_KEY_UILaunchStoryboardName = LaunchScreen;
				INFOPLIST_KEY_UIMainStoryboardFile = Main;
				INFOPLIST_KEY_UISupportedInterfaceOrientations_iPad = "UIInterfaceOrientationPortrait UIInterfaceOrientationPortraitUpsideDown UIInterfaceOrientationLandscapeLeft UIInterfaceOrientationLandscapeRight";
				INFOPLIST_KEY_UISupportedInterfaceOrientations_iPhone = "UIInterfaceOrientationPortrait UIInterfaceOrientationLandscapeLeft UIInterfaceOrientationLandscapeRight";
				LD_RUNPATH_SEARCH_PATHS = (
					"$(inherited)",
					"@executable_path/Frameworks",
				);
				MARKETING_VERSION = 1.0;
				PRODUCT_BUNDLE_IDENTIFIER = zee5.SplitBill;
				PRODUCT_NAME = "$(TARGET_NAME)";
				SWIFT_EMIT_LOC_STRINGS = YES;
				SWIFT_VERSION = 5.0;
				TARGETED_DEVICE_FAMILY = "1,2";
			};
			name = Release;
		};
		58DC413528E7F8D300F90FC4 /* Debug */ = {
			isa = XCBuildConfiguration;
			buildSettings = {
				ALWAYS_EMBED_SWIFT_STANDARD_LIBRARIES = YES;
				BUNDLE_LOADER = "$(TEST_HOST)";
				CODE_SIGN_STYLE = Automatic;
				CURRENT_PROJECT_VERSION = 1;
				GENERATE_INFOPLIST_FILE = YES;
				IPHONEOS_DEPLOYMENT_TARGET = 15.2;
				MARKETING_VERSION = 1.0;
				PRODUCT_BUNDLE_IDENTIFIER = zee5.SplitBillTests;
				PRODUCT_NAME = "$(TARGET_NAME)";
				SWIFT_EMIT_LOC_STRINGS = NO;
				SWIFT_VERSION = 5.0;
				TARGETED_DEVICE_FAMILY = "1,2";
				TEST_HOST = "$(BUILT_PRODUCTS_DIR)/SplitBill.app/SplitBill";
			};
			name = Debug;
		};
		58DC413628E7F8D300F90FC4 /* Release */ = {
			isa = XCBuildConfiguration;
			buildSettings = {
				ALWAYS_EMBED_SWIFT_STANDARD_LIBRARIES = YES;
				BUNDLE_LOADER = "$(TEST_HOST)";
				CODE_SIGN_STYLE = Automatic;
				CURRENT_PROJECT_VERSION = 1;
				GENERATE_INFOPLIST_FILE = YES;
				IPHONEOS_DEPLOYMENT_TARGET = 15.2;
				MARKETING_VERSION = 1.0;
				PRODUCT_BUNDLE_IDENTIFIER = zee5.SplitBillTests;
				PRODUCT_NAME = "$(TARGET_NAME)";
				SWIFT_EMIT_LOC_STRINGS = NO;
				SWIFT_VERSION = 5.0;
				TARGETED_DEVICE_FAMILY = "1,2";
				TEST_HOST = "$(BUILT_PRODUCTS_DIR)/SplitBill.app/SplitBill";
			};
			name = Release;
		};
		58DC413828E7F8D300F90FC4 /* Debug */ = {
			isa = XCBuildConfiguration;
			buildSettings = {
				ALWAYS_EMBED_SWIFT_STANDARD_LIBRARIES = YES;
				CODE_SIGN_STYLE = Automatic;
				CURRENT_PROJECT_VERSION = 1;
				GENERATE_INFOPLIST_FILE = YES;
				MARKETING_VERSION = 1.0;
				PRODUCT_BUNDLE_IDENTIFIER = zee5.SplitBillUITests;
				PRODUCT_NAME = "$(TARGET_NAME)";
				SWIFT_EMIT_LOC_STRINGS = NO;
				SWIFT_VERSION = 5.0;
				TARGETED_DEVICE_FAMILY = "1,2";
				TEST_TARGET_NAME = SplitBill;
			};
			name = Debug;
		};
		58DC413928E7F8D300F90FC4 /* Release */ = {
			isa = XCBuildConfiguration;
			buildSettings = {
				ALWAYS_EMBED_SWIFT_STANDARD_LIBRARIES = YES;
				CODE_SIGN_STYLE = Automatic;
				CURRENT_PROJECT_VERSION = 1;
				GENERATE_INFOPLIST_FILE = YES;
				MARKETING_VERSION = 1.0;
				PRODUCT_BUNDLE_IDENTIFIER = zee5.SplitBillUITests;
				PRODUCT_NAME = "$(TARGET_NAME)";
				SWIFT_EMIT_LOC_STRINGS = NO;
				SWIFT_VERSION = 5.0;
				TARGETED_DEVICE_FAMILY = "1,2";
				TEST_TARGET_NAME = SplitBill;
			};
			name = Release;
		};
/* End XCBuildConfiguration section */

/* Begin XCConfigurationList section */
		58DC410228E7F8C800F90FC4 /* Build configuration list for PBXProject "SplitBill" */ = {
			isa = XCConfigurationList;
			buildConfigurations = (
				58DC412F28E7F8D300F90FC4 /* Debug */,
				58DC413028E7F8D300F90FC4 /* Release */,
			);
			defaultConfigurationIsVisible = 0;
			defaultConfigurationName = Release;
		};
		58DC413128E7F8D300F90FC4 /* Build configuration list for PBXNativeTarget "SplitBill" */ = {
			isa = XCConfigurationList;
			buildConfigurations = (
				58DC413228E7F8D300F90FC4 /* Debug */,
				58DC413328E7F8D300F90FC4 /* Release */,
			);
			defaultConfigurationIsVisible = 0;
			defaultConfigurationName = Release;
		};
		58DC413428E7F8D300F90FC4 /* Build configuration list for PBXNativeTarget "SplitBillTests" */ = {
			isa = XCConfigurationList;
			buildConfigurations = (
				58DC413528E7F8D300F90FC4 /* Debug */,
				58DC413628E7F8D300F90FC4 /* Release */,
			);
			defaultConfigurationIsVisible = 0;
			defaultConfigurationName = Release;
		};
		58DC413728E7F8D300F90FC4 /* Build configuration list for PBXNativeTarget "SplitBillUITests" */ = {
			isa = XCConfigurationList;
			buildConfigurations = (
				58DC413828E7F8D300F90FC4 /* Debug */,
				58DC413928E7F8D300F90FC4 /* Release */,
			);
			defaultConfigurationIsVisible = 0;
			defaultConfigurationName = Release;
		};
/* End XCConfigurationList section */
	};
	rootObject = 58DC40FF28E7F8C800F90FC4 /* Project object */;
}
